
Microsoft Visual Studio Solution File, Format Version 12.00
# Visual Studio Version 17
VisualStudioVersion = 17.11.35219.272
MinimumVisualStudioVersion = 10.0.40219.1
Project("{FAE04EC0-301F-11D3-BF4B-00C04F79EFBC}") = "Yape.Api", "Yape.Api\Yape.Api.csproj", "{BE77E0F6-130D-4694-9602-72C684646FFD}"
EndProject
Project("{FAE04EC0-301F-11D3-BF4B-00C04F79EFBC}") = "Yape.Api.Core", "Yape.Api.Core\Yape.Api.Core.csproj", "{989F05DE-D244-4790-8CFC-FE322AE229C0}"
EndProject
Project("{FAE04EC0-301F-11D3-BF4B-00C04F79EFBC}") = "Yape.Api.Infrastructure", "Yape.Api.Infrastructure\Yape.Api.Infrastructure.csproj", "{DFD4B8B1-9F62-4313-B6BD-6A9F6B90123B}"
EndProject
Global
	GlobalSection(SolutionConfigurationPlatforms) = preSolution
		Debug|Any CPU = Debug|Any CPU
		Release|Any CPU = Release|Any CPU
	EndGlobalSection
	GlobalSection(ProjectConfigurationPlatforms) = postSolution
		{BE77E0F6-130D-4694-9602-72C684646FFD}.Debug|Any CPU.ActiveCfg = Debug|Any CPU
		{BE77E0F6-130D-4694-9602-72C684646FFD}.Debug|Any CPU.Build.0 = Debug|Any CPU
		{BE77E0F6-130D-4694-9602-72C684646FFD}.Release|Any CPU.ActiveCfg = Release|Any CPU
		{BE77E0F6-130D-4694-9602-72C684646FFD}.Release|Any CPU.Build.0 = Release|Any CPU
		{989F05DE-D244-4790-8CFC-FE322AE229C0}.Debug|Any CPU.ActiveCfg = Debug|Any CPU
		{989F05DE-D244-4790-8CFC-FE322AE229C0}.Debug|Any CPU.Build.0 = Debug|Any CPU
		{989F05DE-D244-4790-8CFC-FE322AE229C0}.Release|Any CPU.ActiveCfg = Release|Any CPU
		{989F05DE-D244-4790-8CFC-FE322AE229C0}.Release|Any CPU.Build.0 = Release|Any CPU
		{DFD4B8B1-9F62-4313-B6BD-6A9F6B90123B}.Debug|Any CPU.ActiveCfg = Debug|Any CPU
		{DFD4B8B1-9F62-4313-B6BD-6A9F6B90123B}.Debug|Any CPU.Build.0 = Debug|Any CPU
		{DFD4B8B1-9F62-4313-B6BD-6A9F6B90123B}.Release|Any CPU.ActiveCfg = Release|Any CPU
		{DFD4B8B1-9F62-4313-B6BD-6A9F6B90123B}.Release|Any CPU.Build.0 = Release|Any CPU
	EndGlobalSection
	GlobalSection(SolutionProperties) = preSolution
		HideSolutionNode = FALSE
	EndGlobalSection
	GlobalSection(ExtensibilityGlobals) = postSolution
		SolutionGuid = {DF1BBBCB-6700-41B2-A8D6-B157269949E6}
	EndGlobalSection
EndGlobal
